
Microsoft Visual Studio Solution File, Format Version 12.00
# Visual Studio Version 17
VisualStudioVersion = 17.5.33516.290
MinimumVisualStudioVersion = 10.0.40219.1
Project("{9A19103F-16F7-4668-BE54-9A1E7A4F7556}") = "P01_StudentSystem", "P01_StudentSystem\P01_StudentSystem.csproj", "{765165DC-352B-411D-A5C2-720FA217AF9A}"
EndProject
Global
	GlobalSection(SolutionConfigurationPlatforms) = preSolution
		Debug|Any CPU = Debug|Any CPU
		Release|Any CPU = Release|Any CPU
	EndGlobalSection
	GlobalSection(ProjectConfigurationPlatforms) = postSolution
		{765165DC-352B-411D-A5C2-720FA217AF9A}.Debug|Any CPU.ActiveCfg = Debug|Any CPU
		{765165DC-352B-411D-A5C2-720FA217AF9A}.Debug|Any CPU.Build.0 = Debug|Any CPU
		{765165DC-352B-411D-A5C2-720FA217AF9A}.Release|Any CPU.ActiveCfg = Release|Any CPU
		{765165DC-352B-411D-A5C2-720FA217AF9A}.Release|Any CPU.Build.0 = Release|Any CPU
	EndGlobalSection
	GlobalSection(SolutionProperties) = preSolution
		HideSolutionNode = FALSE
	EndGlobalSection
	GlobalSection(ExtensibilityGlobals) = postSolution
		SolutionGuid = {3888C0F7-074E-4C61-A9EC-BB309777CF7A}
	EndGlobalSection
EndGlobal
